
Microsoft Visual Studio Solution File, Format Version 12.00
# Visual Studio 2012
Project("{FAE04EC0-301F-11D3-BF4B-00C04F79EFBC}") = "WindowsFormsApplication3", "WindowsFormsApplication3\WindowsFormsApplication3.csproj", "{691EE8A8-2FA0-42D6-8DAC-7E061C616325}"
EndProject
Global
	GlobalSection(SolutionConfigurationPlatforms) = preSolution
		Debug|Any CPU = Debug|Any CPU
		Release|Any CPU = Release|Any CPU
	EndGlobalSection
	GlobalSection(ProjectConfigurationPlatforms) = postSolution
		{691EE8A8-2FA0-42D6-8DAC-7E061C616325}.Debug|Any CPU.ActiveCfg = Debug|Any CPU
		{691EE8A8-2FA0-42D6-8DAC-7E061C616325}.Debug|Any CPU.Build.0 = Debug|Any CPU
		{691EE8A8-2FA0-42D6-8DAC-7E061C616325}.Release|Any CPU.ActiveCfg = Release|Any CPU
		{691EE8A8-2FA0-42D6-8DAC-7E061C616325}.Release|Any CPU.Build.0 = Release|Any CPU
	EndGlobalSection
	GlobalSection(SolutionProperties) = preSolution
		HideSolutionNode = FALSE
	EndGlobalSection
EndGlobal
